
Microsoft Visual Studio Solution File, Format Version 12.00
# Visual Studio Version 17
VisualStudioVersion = 17.9.34714.143
MinimumVisualStudioVersion = 10.0.40219.1
Project("{888888A0-9F3D-457C-B088-3A5042F75D52}") = "STAT72000_Used_Car_Data", "STAT72000_Used_Car_Data\STAT72000_Used_Car_Data.pyproj", "{FCD5B781-D3C3-47EB-8968-C2A653C2CC4C}"
EndProject
Global
	GlobalSection(SolutionConfigurationPlatforms) = preSolution
		Debug|Any CPU = Debug|Any CPU
		Release|Any CPU = Release|Any CPU
	EndGlobalSection
	GlobalSection(ProjectConfigurationPlatforms) = postSolution
		{FCD5B781-D3C3-47EB-8968-C2A653C2CC4C}.Debug|Any CPU.ActiveCfg = Debug|Any CPU
		{FCD5B781-D3C3-47EB-8968-C2A653C2CC4C}.Release|Any CPU.ActiveCfg = Release|Any CPU
	EndGlobalSection
	GlobalSection(SolutionProperties) = preSolution
		HideSolutionNode = FALSE
	EndGlobalSection
	GlobalSection(ExtensibilityGlobals) = postSolution
		SolutionGuid = {2D9DC8BB-799A-4280-8E7D-A449F28E02F5}
	EndGlobalSection
EndGlobal
